
Microsoft Visual Studio Solution File, Format Version 12.00
# Visual Studio Version 17
VisualStudioVersion = 17.0.32112.339
MinimumVisualStudioVersion = 10.0.40219.1
Project("{9A19103F-16F7-4668-BE54-9A1E7A4F7556}") = "1_Giris", "1_Giris\1_Giris.csproj", "{B3B6BD22-28C5-408D-96A5-3DAD6DA2C026}"
EndProject
Project("{FAE04EC0-301F-11D3-BF4B-00C04F79EFBC}") = "2_Giris", "2_Giris\2_Giris.csproj", "{C8D32398-E7A3-4985-8E30-C4B65FE85910}"
EndProject
Project("{FAE04EC0-301F-11D3-BF4B-00C04F79EFBC}") = "3_CodeFirst", "3_CodeFirst\3_CodeFirst.csproj", "{588C03F9-3ECD-4D0E-BB55-860F88951D57}"
EndProject
Global
	GlobalSection(SolutionConfigurationPlatforms) = preSolution
		Debug|Any CPU = Debug|Any CPU
		Release|Any CPU = Release|Any CPU
	EndGlobalSection
	GlobalSection(ProjectConfigurationPlatforms) = postSolution
		{B3B6BD22-28C5-408D-96A5-3DAD6DA2C026}.Debug|Any CPU.ActiveCfg = Debug|Any CPU
		{B3B6BD22-28C5-408D-96A5-3DAD6DA2C026}.Debug|Any CPU.Build.0 = Debug|Any CPU
		{B3B6BD22-28C5-408D-96A5-3DAD6DA2C026}.Release|Any CPU.ActiveCfg = Release|Any CPU
		{B3B6BD22-28C5-408D-96A5-3DAD6DA2C026}.Release|Any CPU.Build.0 = Release|Any CPU
		{C8D32398-E7A3-4985-8E30-C4B65FE85910}.Debug|Any CPU.ActiveCfg = Debug|Any CPU
		{C8D32398-E7A3-4985-8E30-C4B65FE85910}.Debug|Any CPU.Build.0 = Debug|Any CPU
		{C8D32398-E7A3-4985-8E30-C4B65FE85910}.Release|Any CPU.ActiveCfg = Release|Any CPU
		{C8D32398-E7A3-4985-8E30-C4B65FE85910}.Release|Any CPU.Build.0 = Release|Any CPU
		{588C03F9-3ECD-4D0E-BB55-860F88951D57}.Debug|Any CPU.ActiveCfg = Debug|Any CPU
		{588C03F9-3ECD-4D0E-BB55-860F88951D57}.Debug|Any CPU.Build.0 = Debug|Any CPU
		{588C03F9-3ECD-4D0E-BB55-860F88951D57}.Release|Any CPU.ActiveCfg = Release|Any CPU
		{588C03F9-3ECD-4D0E-BB55-860F88951D57}.Release|Any CPU.Build.0 = Release|Any CPU
	EndGlobalSection
	GlobalSection(SolutionProperties) = preSolution
		HideSolutionNode = FALSE
	EndGlobalSection
	GlobalSection(ExtensibilityGlobals) = postSolution
		SolutionGuid = {3B23ECAA-DADC-4C44-8EF8-DFF7AF80623F}
	EndGlobalSection
EndGlobal
